
Microsoft Visual Studio Solution File, Format Version 12.00
# Visual Studio Version 16
VisualStudioVersion = 16.0.30907.101
MinimumVisualStudioVersion = 10.0.40219.1
Project("{FAE04EC0-301F-11D3-BF4B-00C04F79EFBC}") = "WinformsUIdotNET", "WinformsUIdotNET\WinformsUIdotNET.csproj", "{620F51A7-4E34-46E9-B1B6-99CEFD694C7D}"
EndProject
Global
	GlobalSection(SolutionConfigurationPlatforms) = preSolution
		Debug|Any CPU = Debug|Any CPU
		Release|Any CPU = Release|Any CPU
	EndGlobalSection
	GlobalSection(ProjectConfigurationPlatforms) = postSolution
		{620F51A7-4E34-46E9-B1B6-99CEFD694C7D}.Debug|Any CPU.ActiveCfg = Debug|Any CPU
		{620F51A7-4E34-46E9-B1B6-99CEFD694C7D}.Debug|Any CPU.Build.0 = Debug|Any CPU
		{620F51A7-4E34-46E9-B1B6-99CEFD694C7D}.Release|Any CPU.ActiveCfg = Release|Any CPU
		{620F51A7-4E34-46E9-B1B6-99CEFD694C7D}.Release|Any CPU.Build.0 = Release|Any CPU
	EndGlobalSection
	GlobalSection(SolutionProperties) = preSolution
		HideSolutionNode = FALSE
	EndGlobalSection
	GlobalSection(ExtensibilityGlobals) = postSolution
		SolutionGuid = {AD620619-5F8A-4DCC-B9F2-BB728EEB9E76}
	EndGlobalSection
EndGlobal
